Microsoft Visual Studio Solution File, Format Version 12.00
# Visual Studio Version 17
VisualStudioVersion = 17.5.2.0
MinimumVisualStudioVersion = 10.0.40219.1
Project("{FAE04EC0-301F-11D3-BF4B-00C04F79EFBC}") = "Lab6_EFCore_UpdateDelete", "Lab6_EFCore_UpdateDelete\Lab6_EFCore_UpdateDelete.csproj", "{F73F3853-84B2-6DB2-89AF-5DE7B7BF1D9E}"
EndProject
Global
	GlobalSection(SolutionConfigurationPlatforms) = preSolution
		Debug|Any CPU = Debug|Any CPU
		Release|Any CPU = Release|Any CPU
	EndGlobalSection
	GlobalSection(ProjectConfigurationPlatforms) = postSolution
		{F73F3853-84B2-6DB2-89AF-5DE7B7BF1D9E}.Debug|Any CPU.ActiveCfg = Debug|Any CPU
		{F73F3853-84B2-6DB2-89AF-5DE7B7BF1D9E}.Debug|Any CPU.Build.0 = Debug|Any CPU
		{F73F3853-84B2-6DB2-89AF-5DE7B7BF1D9E}.Release|Any CPU.ActiveCfg = Release|Any CPU
		{F73F3853-84B2-6DB2-89AF-5DE7B7BF1D9E}.Release|Any CPU.Build.0 = Release|Any CPU
	EndGlobalSection
	GlobalSection(SolutionProperties) = preSolution
		HideSolutionNode = FALSE
	EndGlobalSection
	GlobalSection(ExtensibilityGlobals) = postSolution
		SolutionGuid = {387DFC4A-CEFD-4E40-A5DB-5104A7055F2F}
	EndGlobalSection
EndGlobal
