Microsoft Visual Studio Solution File, Format Version 12.00
# Visual Studio Version 17
VisualStudioVersion = 17.5.2.0
MinimumVisualStudioVersion = 10.0.40219.1
Project("{FAE04EC0-301F-11D3-BF4B-00C04F79EFBC}") = "StoreDataRetrieval", "StoreDataRetrieval.csproj", "{794AE252-24FB-377B-53BA-EA419A48B99B}"
EndProject
Global
	GlobalSection(SolutionConfigurationPlatforms) = preSolution
		Debug|Any CPU = Debug|Any CPU
		Release|Any CPU = Release|Any CPU
	EndGlobalSection
	GlobalSection(ProjectConfigurationPlatforms) = postSolution
		{794AE252-24FB-377B-53BA-EA419A48B99B}.Debug|Any CPU.ActiveCfg = Debug|Any CPU
		{794AE252-24FB-377B-53BA-EA419A48B99B}.Debug|Any CPU.Build.0 = Debug|Any CPU
		{794AE252-24FB-377B-53BA-EA419A48B99B}.Release|Any CPU.ActiveCfg = Release|Any CPU
		{794AE252-24FB-377B-53BA-EA419A48B99B}.Release|Any CPU.Build.0 = Release|Any CPU
	EndGlobalSection
	GlobalSection(SolutionProperties) = preSolution
		HideSolutionNode = FALSE
	EndGlobalSection
	GlobalSection(ExtensibilityGlobals) = postSolution
		SolutionGuid = {D67E94EB-5435-4E17-88AE-85DE526B4392}
	EndGlobalSection
EndGlobal
